// !$*UTF8*$!
{
	archiveVersion = 1;
	classes = {
	};
	objectVersion = 56;
	objects = {

/* Begin PBXBuildFile section */
		549C38992C87FC920048BDF3 /* GoogleService-Info.plist in Resources */ = {isa = PBXBuildFile; fileRef = 549C38982C87FC920048BDF3 /* GoogleService-Info.plist */; };
		549C389C2C8800D50048BDF3 /* FirebaseAuth in Frameworks */ = {isa = PBXBuildFile; productRef = 549C389B2C8800D50048BDF3 /* FirebaseAuth */; };
		549C389E2C8800D50048BDF3 /* FirebaseFirestore in Frameworks */ = {isa = PBXBuildFile; productRef = 549C389D2C8800D50048BDF3 /* FirebaseFirestore */; };
		549C38AD2C88106A0048BDF3 /* ProfileView.swift in Sources */ = {isa = PBXBuildFile; fileRef = 549C38AC2C88106A0048BDF3 /* ProfileView.swift */; };
		549C38AF2C88108B0048BDF3 /* ToDoListView.swift in Sources */ = {isa = PBXBuildFile; fileRef = 549C38AE2C88108B0048BDF3 /* ToDoListView.swift */; };
		549C38B12C88109C0048BDF3 /* NewItemView.swift in Sources */ = {isa = PBXBuildFile; fileRef = 549C38B02C88109C0048BDF3 /* NewItemView.swift */; };
		549C38B32C8810BD0048BDF3 /* LoginView.swift in Sources */ = {isa = PBXBuildFile; fileRef = 549C38B22C8810BD0048BDF3 /* LoginView.swift */; };
		549C38B52C8810D40048BDF3 /* RegisterView.swift in Sources */ = {isa = PBXBuildFile; fileRef = 549C38B42C8810D40048BDF3 /* RegisterView.swift */; };
		549C38B72C8811220048BDF3 /* ToDoListItemView.swift in Sources */ = {isa = PBXBuildFile; fileRef = 549C38B62C8811220048BDF3 /* ToDoListItemView.swift */; };
		549C38BA2C8811540048BDF3 /* User.swift in Sources */ = {isa = PBXBuildFile; fileRef = 549C38B92C8811540048BDF3 /* User.swift */; };
		549C38BC2C8811640048BDF3 /* ToDoListItem.swift in Sources */ = {isa = PBXBuildFile; fileRef = 549C38BB2C8811640048BDF3 /* ToDoListItem.swift */; };
		549C38BE2C8811B70048BDF3 /* MainViewViewModel.swift in Sources */ = {isa = PBXBuildFile; fileRef = 549C38BD2C8811B70048BDF3 /* MainViewViewModel.swift */; };
		549C38C02C8811C30048BDF3 /* ProfileViewViewModel.swift in Sources */ = {isa = PBXBuildFile; fileRef = 549C38BF2C8811C30048BDF3 /* ProfileViewViewModel.swift */; };
		549C38C42C8811DB0048BDF3 /* NewItemVIewViewModel.swift in Sources */ = {isa = PBXBuildFile; fileRef = 549C38C32C8811DB0048BDF3 /* NewItemVIewViewModel.swift */; };
		549C38C62C8811E80048BDF3 /* LoginViewViewModel.swift in Sources */ = {isa = PBXBuildFile; fileRef = 549C38C52C8811E80048BDF3 /* LoginViewViewModel.swift */; };
		549C38C82C8811F20048BDF3 /* RegisterViewViewModel.swift in Sources */ = {isa = PBXBuildFile; fileRef = 549C38C72C8811F20048BDF3 /* RegisterViewViewModel.swift */; };
		549C38CA2C8812050048BDF3 /* ToDoListItemViewViewModel.swift in Sources */ = {isa = PBXBuildFile; fileRef = 549C38C92C8812050048BDF3 /* ToDoListItemViewViewModel.swift */; };
		549C38CC2C8812320048BDF3 /* ToDoListViewViewModel.swift in Sources */ = {isa = PBXBuildFile; fileRef = 549C38CB2C8812320048BDF3 /* ToDoListViewViewModel.swift */; };
		54CDE25A2C816CE600E664C7 /* To_Do_ListApp.swift in Sources */ = {isa = PBXBuildFile; fileRef = 54CDE2592C816CE600E664C7 /* To_Do_ListApp.swift */; };
		54CDE25C2C816CE600E664C7 /* MainView.swift in Sources */ = {isa = PBXBuildFile; fileRef = 54CDE25B2C816CE600E664C7 /* MainView.swift */; };
		54CDE25E2C816CE600E664C7 /* Assets.xcassets in Resources */ = {isa = PBXBuildFile; fileRef = 54CDE25D2C816CE600E664C7 /* Assets.xcassets */; };
		54CDE2612C816CE600E664C7 /* Preview Assets.xcassets in Resources */ = {isa = PBXBuildFile; fileRef = 54CDE2602C816CE600E664C7 /* Preview Assets.xcassets */; };
		54CDE26B2C816CE700E664C7 /* To_Do_ListTests.swift in Sources */ = {isa = PBXBuildFile; fileRef = 54CDE26A2C816CE700E664C7 /* To_Do_ListTests.swift */; };
		54CDE2752C816CE700E664C7 /* To_Do_ListUITests.swift in Sources */ = {isa = PBXBuildFile; fileRef = 54CDE2742C816CE700E664C7 /* To_Do_ListUITests.swift */; };
		54CDE2772C816CE700E664C7 /* To_Do_ListUITestsLaunchTests.swift in Sources */ = {isa = PBXBuildFile; fileRef = 54CDE2762C816CE700E664C7 /* To_Do_ListUITestsLaunchTests.swift */; };
		54EC86D92C88A7F000876E17 /* HeaderView.swift in Sources */ = {isa = PBXBuildFile; fileRef = 54EC86D82C88A7F000876E17 /* HeaderView.swift */; };
		54EC86DB2C88B73800876E17 /* TLButton.swift in Sources */ = {isa = PBXBuildFile; fileRef = 54EC86DA2C88B73800876E17 /* TLButton.swift */; };
		54EC86DD2C8943C700876E17 /* Extensions.swift in Sources */ = {isa = PBXBuildFile; fileRef = 54EC86DC2C8943C700876E17 /* Extensions.swift */; };
		54F183CF2C8B3264002259AA /* Launch Screen.storyboard in Resources */ = {isa = PBXBuildFile; fileRef = 54F183CE2C8B3264002259AA /* Launch Screen.storyboard */; };
/* End PBXBuildFile section */

/* Begin PBXContainerItemProxy section */
		54CDE2672C816CE700E664C7 /* PBXContainerItemProxy */ = {
			isa = PBXContainerItemProxy;
			containerPortal = 54CDE24E2C816CE600E664C7 /* Project object */;
			proxyType = 1;
			remoteGlobalIDString = 54CDE2552C816CE600E664C7;
			remoteInfo = "To-Do-List";
		};
		54CDE2712C816CE700E664C7 /* PBXContainerItemProxy */ = {
			isa = PBXContainerItemProxy;
			containerPortal = 54CDE24E2C816CE600E664C7 /* Project object */;
			proxyType = 1;
			remoteGlobalIDString = 54CDE2552C816CE600E664C7;
			remoteInfo = "To-Do-List";
		};
/* End PBXContainerItemProxy section */

/* Begin PBXFileReference section */
		549C38982C87FC920048BDF3 /* GoogleService-Info.plist */ = {isa = PBXFileReference; fileEncoding = 4; lastKnownFileType = text.plist.xml; path = "GoogleService-Info.plist"; sourceTree = "<group>"; };
		549C38AC2C88106A0048BDF3 /* ProfileView.swift */ = {isa = PBXFileReference; lastKnownFileType = sourcecode.swift; path = ProfileView.swift; sourceTree = "<group>"; };
		549C38AE2C88108B0048BDF3 /* ToDoListView.swift */ = {isa = PBXFileReference; lastKnownFileType = sourcecode.swift; path = ToDoListView.swift; sourceTree = "<group>"; };
		549C38B02C88109C0048BDF3 /* NewItemView.swift */ = {isa = PBXFileReference; lastKnownFileType = sourcecode.swift; path = NewItemView.swift; sourceTree = "<group>"; };
		549C38B22C8810BD0048BDF3 /* LoginView.swift */ = {isa = PBXFileReference; lastKnownFileType = sourcecode.swift; path = LoginView.swift; sourceTree = "<group>"; };
		549C38B42C8810D40048BDF3 /* RegisterView.swift */ = {isa = PBXFileReference; lastKnownFileType = sourcecode.swift; path = RegisterView.swift; sourceTree = "<group>"; };
		549C38B62C8811220048BDF3 /* ToDoListItemView.swift */ = {isa = PBXFileReference; lastKnownFileType = sourcecode.swift; path = ToDoListItemView.swift; sourceTree = "<group>"; };
		549C38B92C8811540048BDF3 /* User.swift */ = {isa = PBXFileReference; lastKnownFileType = sourcecode.swift; path = User.swift; sourceTree = "<group>"; };
		549C38BB2C8811640048BDF3 /* ToDoListItem.swift */ = {isa = PBXFileReference; lastKnownFileType = sourcecode.swift; path = ToDoListItem.swift; sourceTree = "<group>"; };
		549C38BD2C8811B70048BDF3 /* MainViewViewModel.swift */ = {isa = PBXFileReference; lastKnownFileType = sourcecode.swift; path = MainViewViewModel.swift; sourceTree = "<group>"; };
		549C38BF2C8811C30048BDF3 /* ProfileViewViewModel.swift */ = {isa = PBXFileReference; lastKnownFileType = sourcecode.swift; path = ProfileViewViewModel.swift; sourceTree = "<group>"; };
		549C38C32C8811DB0048BDF3 /* NewItemVIewViewModel.swift */ = {isa = PBXFileReference; lastKnownFileType = sourcecode.swift; path = NewItemVIewViewModel.swift; sourceTree = "<group>"; };
		549C38C52C8811E80048BDF3 /* LoginViewViewModel.swift */ = {isa = PBXFileReference; lastKnownFileType = sourcecode.swift; path = LoginViewViewModel.swift; sourceTree = "<group>"; };
		549C38C72C8811F20048BDF3 /* RegisterViewViewModel.swift */ = {isa = PBXFileReference; lastKnownFileType = sourcecode.swift; path = RegisterViewViewModel.swift; sourceTree = "<group>"; };
		549C38C92C8812050048BDF3 /* ToDoListItemViewViewModel.swift */ = {isa = PBXFileReference; lastKnownFileType = sourcecode.swift; path = ToDoListItemViewViewModel.swift; sourceTree = "<group>"; };
		549C38CB2C8812320048BDF3 /* ToDoListViewViewModel.swift */ = {isa = PBXFileReference; lastKnownFileType = sourcecode.swift; path = ToDoListViewViewModel.swift; sourceTree = "<group>"; };
		54CDE2562C816CE600E664C7 /* To-Do-List.app */ = {isa = PBXFileReference; explicitFileType = wrapper.application; includeInIndex = 0; path = "To-Do-List.app"; sourceTree = BUILT_PRODUCTS_DIR; };
		54CDE2592C816CE600E664C7 /* To_Do_ListApp.swift */ = {isa = PBXFileReference; lastKnownFileType = sourcecode.swift; path = To_Do_ListApp.swift; sourceTree = "<group>"; };
		54CDE25B2C816CE600E664C7 /* MainView.swift */ = {isa = PBXFileReference; lastKnownFileType = sourcecode.swift; path = MainView.swift; sourceTree = "<group>"; };
		54CDE25D2C816CE600E664C7 /* Assets.xcassets */ = {isa = PBXFileReference; lastKnownFileType = folder.assetcatalog; path = Assets.xcassets; sourceTree = "<group>"; };
		54CDE2602C816CE600E664C7 /* Preview Assets.xcassets */ = {isa = PBXFileReference; lastKnownFileType = folder.assetcatalog; path = "Preview Assets.xcassets"; sourceTree = "<group>"; };
		54CDE2662C816CE700E664C7 /* To-Do-ListTests.xctest */ = {isa = PBXFileReference; explicitFileType = wrapper.cfbundle; includeInIndex = 0; path = "To-Do-ListTests.xctest"; sourceTree = BUILT_PRODUCTS_DIR; };
		54CDE26A2C816CE700E664C7 /* To_Do_ListTests.swift */ = {isa = PBXFileReference; lastKnownFileType = sourcecode.swift; path = To_Do_ListTests.swift; sourceTree = "<group>"; };
		54CDE2702C816CE700E664C7 /* To-Do-ListUITests.xctest */ = {isa = PBXFileReference; explicitFileType = wrapper.cfbundle; includeInIndex = 0; path = "To-Do-ListUITests.xctest"; sourceTree = BUILT_PRODUCTS_DIR; };
		54CDE2742C816CE700E664C7 /* To_Do_ListUITests.swift */ = {isa = PBXFileReference; lastKnownFileType = sourcecode.swift; path = To_Do_ListUITests.swift; sourceTree = "<group>"; };
		54CDE2762C816CE700E664C7 /* To_Do_ListUITestsLaunchTests.swift */ = {isa = PBXFileReference; lastKnownFileType = sourcecode.swift; path = To_Do_ListUITestsLaunchTests.swift; sourceTree = "<group>"; };
		54EC86D82C88A7F000876E17 /* HeaderView.swift */ = {isa = PBXFileReference; lastKnownFileType = sourcecode.swift; path = HeaderView.swift; sourceTree = "<group>"; };
		54EC86DA2C88B73800876E17 /* TLButton.swift */ = {isa = PBXFileReference; lastKnownFileType = sourcecode.swift; path = TLButton.swift; sourceTree = "<group>"; };
		54EC86DC2C8943C700876E17 /* Extensions.swift */ = {isa = PBXFileReference; lastKnownFileType = sourcecode.swift; path = Extensions.swift; sourceTree = "<group>"; };
		54F183CE2C8B3264002259AA /* Launch Screen.storyboard */ = {isa = PBXFileReference; lastKnownFileType = file.storyboard; path = "Launch Screen.storyboard"; sourceTree = "<group>"; };
/* End PBXFileReference section */

/* Begin PBXFrameworksBuildPhase section */
		54CDE2532C816CE600E664C7 /* Frameworks */ = {
			isa = PBXFrameworksBuildPhase;
			buildActionMask = 2147483647;
			files = (
				549C389C2C8800D50048BDF3 /* FirebaseAuth in Frameworks */,
				549C389E2C8800D50048BDF3 /* FirebaseFirestore in Frameworks */,
			);
			runOnlyForDeploymentPostprocessing = 0;
		};
		54CDE2632C816CE700E664C7 /* Frameworks */ = {
			isa = PBXFrameworksBuildPhase;
			buildActionMask = 2147483647;
			files = (
			);
			runOnlyForDeploymentPostprocessing = 0;
		};
		54CDE26D2C816CE700E664C7 /* Frameworks */ = {
			isa = PBXFrameworksBuildPhase;
			buildActionMask = 2147483647;
			files = (
			);
			runOnlyForDeploymentPostprocessing = 0;
		};
/* End PBXFrameworksBuildPhase section */

/* Begin PBXGroup section */
		549C38A52C880C9E0048BDF3 /* Views */ = {
			isa = PBXGroup;
			children = (
				54CDE25B2C816CE600E664C7 /* MainView.swift */,
				549C38AC2C88106A0048BDF3 /* ProfileView.swift */,
				549C38B02C88109C0048BDF3 /* NewItemView.swift */,
				549C38B22C8810BD0048BDF3 /* LoginView.swift */,
				54EC86D82C88A7F000876E17 /* HeaderView.swift */,
				549C38B42C8810D40048BDF3 /* RegisterView.swift */,
				54EC86DA2C88B73800876E17 /* TLButton.swift */,
				549C38B62C8811220048BDF3 /* ToDoListItemView.swift */,
				549C38AE2C88108B0048BDF3 /* ToDoListView.swift */,
			);
			path = Views;
			sourceTree = "<group>";
		};
		549C38A72C880CB80048BDF3 /* VIewModels */ = {
			isa = PBXGroup;
			children = (
				549C38BD2C8811B70048BDF3 /* MainViewViewModel.swift */,
				549C38BF2C8811C30048BDF3 /* ProfileViewViewModel.swift */,
				549C38C32C8811DB0048BDF3 /* NewItemVIewViewModel.swift */,
				549C38C52C8811E80048BDF3 /* LoginViewViewModel.swift */,
				549C38C72C8811F20048BDF3 /* RegisterViewViewModel.swift */,
				549C38C92C8812050048BDF3 /* ToDoListItemViewViewModel.swift */,
				549C38CB2C8812320048BDF3 /* ToDoListViewViewModel.swift */,
			);
			path = VIewModels;
			sourceTree = "<group>";
		};
		549C38A82C880CC20048BDF3 /* Models */ = {
			isa = PBXGroup;
			children = (
				549C38B92C8811540048BDF3 /* User.swift */,
				549C38BB2C8811640048BDF3 /* ToDoListItem.swift */,
			);
			path = Models;
			sourceTree = "<group>";
		};
		549C38A92C880CE40048BDF3 /* Other */ = {
			isa = PBXGroup;
			children = (
				54CDE25D2C816CE600E664C7 /* Assets.xcassets */,
				54CDE2592C816CE600E664C7 /* To_Do_ListApp.swift */,
				549C38982C87FC920048BDF3 /* GoogleService-Info.plist */,
				54EC86DC2C8943C700876E17 /* Extensions.swift */,
				54F183CE2C8B3264002259AA /* Launch Screen.storyboard */,
			);
			path = Other;
			sourceTree = "<group>";
		};
		54CDE24D2C816CE600E664C7 = {
			isa = PBXGroup;
			children = (
				54CDE2582C816CE600E664C7 /* To-Do-List */,
				54CDE2692C816CE700E664C7 /* To-Do-ListTests */,
				54CDE2732C816CE700E664C7 /* To-Do-ListUITests */,
				54CDE2572C816CE600E664C7 /* Products */,
			);
			sourceTree = "<group>";
		};
		54CDE2572C816CE600E664C7 /* Products */ = {
			isa = PBXGroup;
			children = (
				54CDE2562C816CE600E664C7 /* To-Do-List.app */,
				54CDE2662C816CE700E664C7 /* To-Do-ListTests.xctest */,
				54CDE2702C816CE700E664C7 /* To-Do-ListUITests.xctest */,
			);
			name = Products;
			sourceTree = "<group>";
		};
		54CDE2582C816CE600E664C7 /* To-Do-List */ = {
			isa = PBXGroup;
			children = (
				549C38A92C880CE40048BDF3 /* Other */,
				549C38A82C880CC20048BDF3 /* Models */,
				549C38A72C880CB80048BDF3 /* VIewModels */,
				549C38A52C880C9E0048BDF3 /* Views */,
				54CDE25F2C816CE600E664C7 /* Preview Content */,
			);
			path = "To-Do-List";
			sourceTree = "<group>";
		};
		54CDE25F2C816CE600E664C7 /* Preview Content */ = {
			isa = PBXGroup;
			children = (
				54CDE2602C816CE600E664C7 /* Preview Assets.xcassets */,
			);
			path = "Preview Content";
			sourceTree = "<group>";
		};
		54CDE2692C816CE700E664C7 /* To-Do-ListTests */ = {
			isa = PBXGroup;
			children = (
				54CDE26A2C816CE700E664C7 /* To_Do_ListTests.swift */,
			);
			path = "To-Do-ListTests";
			sourceTree = "<group>";
		};
		54CDE2732C816CE700E664C7 /* To-Do-ListUITests */ = {
			isa = PBXGroup;
			children = (
				54CDE2742C816CE700E664C7 /* To_Do_ListUITests.swift */,
				54CDE2762C816CE700E664C7 /* To_Do_ListUITestsLaunchTests.swift */,
			);
			path = "To-Do-ListUITests";
			sourceTree = "<group>";
		};
/* End PBXGroup section */

/* Begin PBXNativeTarget section */
		54CDE2552C816CE600E664C7 /* To-Do-List */ = {
			isa = PBXNativeTarget;
			buildConfigurationList = 54CDE27A2C816CE700E664C7 /* Build configuration list for PBXNativeTarget "To-Do-List" */;
			buildPhases = (
				54CDE2522C816CE600E664C7 /* Sources */,
				54CDE2532C816CE600E664C7 /* Frameworks */,
				54CDE2542C816CE600E664C7 /* Resources */,
			);
			buildRules = (
			);
			dependencies = (
			);
			name = "To-Do-List";
			packageProductDependencies = (
				549C389B2C8800D50048BDF3 /* FirebaseAuth */,
				549C389D2C8800D50048BDF3 /* FirebaseFirestore */,
			);
			productName = "To-Do-List";
			productReference = 54CDE2562C816CE600E664C7 /* To-Do-List.app */;
			productType = "com.apple.product-type.application";
		};
		54CDE2652C816CE700E664C7 /* To-Do-ListTests */ = {
			isa = PBXNativeTarget;
			buildConfigurationList = 54CDE27D2C816CE700E664C7 /* Build configuration list for PBXNativeTarget "To-Do-ListTests" */;
			buildPhases = (
				54CDE2622C816CE700E664C7 /* Sources */,
				54CDE2632C816CE700E664C7 /* Frameworks */,
				54CDE2642C816CE700E664C7 /* Resources */,
			);
			buildRules = (
			);
			dependencies = (
				54CDE2682C816CE700E664C7 /* PBXTargetDependency */,
			);
			name = "To-Do-ListTests";
			productName = "To-Do-ListTests";
			productReference = 54CDE2662C816CE700E664C7 /* To-Do-ListTests.xctest */;
			productType = "com.apple.product-type.bundle.unit-test";
		};
		54CDE26F2C816CE700E664C7 /* To-Do-ListUITests */ = {
			isa = PBXNativeTarget;
			buildConfigurationList = 54CDE2802C816CE700E664C7 /* Build configuration list for PBXNativeTarget "To-Do-ListUITests" */;
			buildPhases = (
				54CDE26C2C816CE700E664C7 /* Sources */,
				54CDE26D2C816CE700E664C7 /* Frameworks */,
				54CDE26E2C816CE700E664C7 /* Resources */,
			);
			buildRules = (
			);
			dependencies = (
				54CDE2722C816CE700E664C7 /* PBXTargetDependency */,
			);
			name = "To-Do-ListUITests";
			productName = "To-Do-ListUITests";
			productReference = 54CDE2702C816CE700E664C7 /* To-Do-ListUITests.xctest */;
			productType = "com.apple.product-type.bundle.ui-testing";
		};
/* End PBXNativeTarget section */

/* Begin PBXProject section */
		54CDE24E2C816CE600E664C7 /* Project object */ = {
			isa = PBXProject;
			attributes = {
				BuildIndependentTargetsInParallel = 1;
				LastSwiftUpdateCheck = 1540;
				LastUpgradeCheck = 1540;
				TargetAttributes = {
					54CDE2552C816CE600E664C7 = {
						CreatedOnToolsVersion = 15.4;
					};
					54CDE2652C816CE700E664C7 = {
						CreatedOnToolsVersion = 15.4;
						TestTargetID = 54CDE2552C816CE600E664C7;
					};
					54CDE26F2C816CE700E664C7 = {
						CreatedOnToolsVersion = 15.4;
						TestTargetID = 54CDE2552C816CE600E664C7;
					};
				};
			};
			buildConfigurationList = 54CDE2512C816CE600E664C7 /* Build configuration list for PBXProject "To-Do-List" */;
			compatibilityVersion = "Xcode 14.0";
			developmentRegion = en;
			hasScannedForEncodings = 0;
			knownRegions = (
				en,
				Base,
			);
			mainGroup = 54CDE24D2C816CE600E664C7;
			packageReferences = (
				549C389A2C87FEB10048BDF3 /* XCRemoteSwiftPackageReference "firebase-ios-sdk" */,
			);
			productRefGroup = 54CDE2572C816CE600E664C7 /* Products */;
			projectDirPath = "";
			projectRoot = "";
			targets = (
				54CDE2552C816CE600E664C7 /* To-Do-List */,
				54CDE2652C816CE700E664C7 /* To-Do-ListTests */,
				54CDE26F2C816CE700E664C7 /* To-Do-ListUITests */,
			);
		};
/* End PBXProject section */

/* Begin PBXResourcesBuildPhase section */
		54CDE2542C816CE600E664C7 /* Resources */ = {
			isa = PBXResourcesBuildPhase;
			buildActionMask = 2147483647;
			files = (
				54CDE2612C816CE600E664C7 /* Preview Assets.xcassets in Resources */,
				54CDE25E2C816CE600E664C7 /* Assets.xcassets in Resources */,
				54F183CF2C8B3264002259AA /* Launch Screen.storyboard in Resources */,
				549C38992C87FC920048BDF3 /* GoogleService-Info.plist in Resources */,
			);
			runOnlyForDeploymentPostprocessing = 0;
		};
		54CDE2642C816CE700E664C7 /* Resources */ = {
			isa = PBXResourcesBuildPhase;
			buildActionMask = 2147483647;
			files = (
			);
			runOnlyForDeploymentPostprocessing = 0;
		};
		54CDE26E2C816CE700E664C7 /* Resources */ = {
			isa = PBXResourcesBuildPhase;
			buildActionMask = 2147483647;
			files = (
			);
			runOnlyForDeploymentPostprocessing = 0;
		};
/* End PBXResourcesBuildPhase section */

/* Begin PBXSourcesBuildPhase section */
		54CDE2522C816CE600E664C7 /* Sources */ = {
			isa = PBXSourcesBuildPhase;
			buildActionMask = 2147483647;
			files = (
				549C38B32C8810BD0048BDF3 /* LoginView.swift in Sources */,
				54EC86D92C88A7F000876E17 /* HeaderView.swift in Sources */,
				549C38C62C8811E80048BDF3 /* LoginViewViewModel.swift in Sources */,
				549C38CA2C8812050048BDF3 /* ToDoListItemViewViewModel.swift in Sources */,
				54CDE25C2C816CE600E664C7 /* MainView.swift in Sources */,
				549C38BE2C8811B70048BDF3 /* MainViewViewModel.swift in Sources */,
				549C38AF2C88108B0048BDF3 /* ToDoListView.swift in Sources */,
				54EC86DB2C88B73800876E17 /* TLButton.swift in Sources */,
				549C38C82C8811F20048BDF3 /* RegisterViewViewModel.swift in Sources */,
				549C38B52C8810D40048BDF3 /* RegisterView.swift in Sources */,
				549C38C02C8811C30048BDF3 /* ProfileViewViewModel.swift in Sources */,
				549C38AD2C88106A0048BDF3 /* ProfileView.swift in Sources */,
				549C38BA2C8811540048BDF3 /* User.swift in Sources */,
				549C38B72C8811220048BDF3 /* ToDoListItemView.swift in Sources */,
				549C38CC2C8812320048BDF3 /* ToDoListViewViewModel.swift in Sources */,
				54EC86DD2C8943C700876E17 /* Extensions.swift in Sources */,
				549C38C42C8811DB0048BDF3 /* NewItemVIewViewModel.swift in Sources */,
				54CDE25A2C816CE600E664C7 /* To_Do_ListApp.swift in Sources */,
				549C38BC2C8811640048BDF3 /* ToDoListItem.swift in Sources */,
				549C38B12C88109C0048BDF3 /* NewItemView.swift in Sources */,
			);
			runOnlyForDeploymentPostprocessing = 0;
		};
		54CDE2622C816CE700E664C7 /* Sources */ = {
			isa = PBXSourcesBuildPhase;
			buildActionMask = 2147483647;
			files = (
				54CDE26B2C816CE700E664C7 /* To_Do_ListTests.swift in Sources */,
			);
			runOnlyForDeploymentPostprocessing = 0;
		};
		54CDE26C2C816CE700E664C7 /* Sources */ = {
			isa = PBXSourcesBuildPhase;
			buildActionMask = 2147483647;
			files = (
				54CDE2772C816CE700E664C7 /* To_Do_ListUITestsLaunchTests.swift in Sources */,
				54CDE2752C816CE700E664C7 /* To_Do_ListUITests.swift in Sources */,
			);
			runOnlyForDeploymentPostprocessing = 0;
		};
/* End PBXSourcesBuildPhase section */

/* Begin PBXTargetDependency section */
		54CDE2682C816CE700E664C7 /* PBXTargetDependency */ = {
			isa = PBXTargetDependency;
			target = 54CDE2552C816CE600E664C7 /* To-Do-List */;
			targetProxy = 54CDE2672C816CE700E664C7 /* PBXContainerItemProxy */;
		};
		54CDE2722C816CE700E664C7 /* PBXTargetDependency */ = {
			isa = PBXTargetDependency;
			target = 54CDE2552C816CE600E664C7 /* To-Do-List */;
			targetProxy = 54CDE2712C816CE700E664C7 /* PBXContainerItemProxy */;
		};
/* End PBXTargetDependency section */

/* Begin XCBuildConfiguration section */
		54CDE2782C816CE700E664C7 /* Debug */ = {
			isa = XCBuildConfiguration;
			buildSettings = {
				ALWAYS_SEARCH_USER_PATHS = NO;
				ASSETCATALOG_COMPILER_GENERATE_SWIFT_ASSET_SYMBOL_EXTENSIONS = YES;
				CLANG_ANALYZER_NONNULL = YES;
				CLANG_ANALYZER_NUMBER_OBJECT_CONVERSION = YES_AGGRESSIVE;
				CLANG_CXX_LANGUAGE_STANDARD = "gnu++20";
				CLANG_ENABLE_MODULES = YES;
				CLANG_ENABLE_OBJC_ARC = YES;
				CLANG_ENABLE_OBJC_WEAK = YES;
				CLANG_WARN_BLOCK_CAPTURE_AUTORELEASING = YES;
				CLANG_WARN_BOOL_CONVERSION = YES;
				CLANG_WARN_COMMA = YES;
				CLANG_WARN_CONSTANT_CONVERSION = YES;
				CLANG_WARN_DEPRECATED_OBJC_IMPLEMENTATIONS = YES;
				CLANG_WARN_DIRECT_OBJC_ISA_USAGE = YES_ERROR;
				CLANG_WARN_DOCUMENTATION_COMMENTS = YES;
				CLANG_WARN_EMPTY_BODY = YES;
				CLANG_WARN_ENUM_CONVERSION = YES;
				CLANG_WARN_INFINITE_RECURSION = YES;
				CLANG_WARN_INT_CONVERSION = YES;
				CLANG_WARN_NON_LITERAL_NULL_CONVERSION = YES;
				CLANG_WARN_OBJC_IMPLICIT_RETAIN_SELF = YES;
				CLANG_WARN_OBJC_LITERAL_CONVERSION = YES;
				CLANG_WARN_OBJC_ROOT_CLASS = YES_ERROR;
				CLANG_WARN_QUOTED_INCLUDE_IN_FRAMEWORK_HEADER = YES;
				CLANG_WARN_RANGE_LOOP_ANALYSIS = YES;
				CLANG_WARN_STRICT_PROTOTYPES = YES;
				CLANG_WARN_SUSPICIOUS_MOVE = YES;
				CLANG_WARN_UNGUARDED_AVAILABILITY = YES_AGGRESSIVE;
				CLANG_WARN_UNREACHABLE_CODE = YES;
				CLANG_WARN__DUPLICATE_METHOD_MATCH = YES;
				COPY_PHASE_STRIP = NO;
				DEBUG_INFORMATION_FORMAT = dwarf;
				ENABLE_STRICT_OBJC_MSGSEND = YES;
				ENABLE_TESTABILITY = YES;
				ENABLE_USER_SCRIPT_SANDBOXING = YES;
				GCC_C_LANGUAGE_STANDARD = gnu17;
				GCC_DYNAMIC_NO_PIC = NO;
				GCC_NO_COMMON_BLOCKS = YES;
				GCC_OPTIMIZATION_LEVEL = 0;
				GCC_PREPROCESSOR_DEFINITIONS = (
					"DEBUG=1",
					"$(inherited)",
				);
				GCC_WARN_64_TO_32_BIT_CONVERSION = YES;
				GCC_WARN_ABOUT_RETURN_TYPE = YES_ERROR;
				GCC_WARN_UNDECLARED_SELECTOR = YES;
				GCC_WARN_UNINITIALIZED_AUTOS = YES_AGGRESSIVE;
				GCC_WARN_UNUSED_FUNCTION = YES;
				GCC_WARN_UNUSED_VARIABLE = YES;
				IPHONEOS_DEPLOYMENT_TARGET = 17.5;
				LOCALIZATION_PREFERS_STRING_CATALOGS = YES;
				MTL_ENABLE_DEBUG_INFO = INCLUDE_SOURCE;
				MTL_FAST_MATH = YES;
				ONLY_ACTIVE_ARCH = YES;
				SDKROOT = iphoneos;
				SWIFT_ACTIVE_COMPILATION_CONDITIONS = "DEBUG $(inherited)";
				SWIFT_OPTIMIZATION_LEVEL = "-Onone";
			};
			name = Debug;
		};
		54CDE2792C816CE700E664C7 /* Release */ = {
			isa = XCBuildConfiguration;
			buildSettings = {
				ALWAYS_SEARCH_USER_PATHS = NO;
				ASSETCATALOG_COMPILER_GENERATE_SWIFT_ASSET_SYMBOL_EXTENSIONS = YES;
				CLANG_ANALYZER_NONNULL = YES;
				CLANG_ANALYZER_NUMBER_OBJECT_CONVERSION = YES_AGGRESSIVE;
				CLANG_CXX_LANGUAGE_STANDARD = "gnu++20";
				CLANG_ENABLE_MODULES = YES;
				CLANG_ENABLE_OBJC_ARC = YES;
				CLANG_ENABLE_OBJC_WEAK = YES;
				CLANG_WARN_BLOCK_CAPTURE_AUTORELEASING = YES;
				CLANG_WARN_BOOL_CONVERSION = YES;
				CLANG_WARN_COMMA = YES;
				CLANG_WARN_CONSTANT_CONVERSION = YES;
				CLANG_WARN_DEPRECATED_OBJC_IMPLEMENTATIONS = YES;
				CLANG_WARN_DIRECT_OBJC_ISA_USAGE = YES_ERROR;
				CLANG_WARN_DOCUMENTATION_COMMENTS = YES;
				CLANG_WARN_EMPTY_BODY = YES;
				CLANG_WARN_ENUM_CONVERSION = YES;
				CLANG_WARN_INFINITE_RECURSION = YES;
				CLANG_WARN_INT_CONVERSION = YES;
				CLANG_WARN_NON_LITERAL_NULL_CONVERSION = YES;
				CLANG_WARN_OBJC_IMPLICIT_RETAIN_SELF = YES;
				CLANG_WARN_OBJC_LITERAL_CONVERSION = YES;
				CLANG_WARN_OBJC_ROOT_CLASS = YES_ERROR;
				CLANG_WARN_QUOTED_INCLUDE_IN_FRAMEWORK_HEADER = YES;
				CLANG_WARN_RANGE_LOOP_ANALYSIS = YES;
				CLANG_WARN_STRICT_PROTOTYPES = YES;
				CLANG_WARN_SUSPICIOUS_MOVE = YES;
				CLANG_WARN_UNGUARDED_AVAILABILITY = YES_AGGRESSIVE;
				CLANG_WARN_UNREACHABLE_CODE = YES;
				CLANG_WARN__DUPLICATE_METHOD_MATCH = YES;
				COPY_PHASE_STRIP = NO;
				DEBUG_INFORMATION_FORMAT = "dwarf-with-dsym";
				ENABLE_NS_ASSERTIONS = NO;
				ENABLE_STRICT_OBJC_MSGSEND = YES;
				ENABLE_USER_SCRIPT_SANDBOXING = YES;
				GCC_C_LANGUAGE_STANDARD = gnu17;
				GCC_NO_COMMON_BLOCKS = YES;
				GCC_WARN_64_TO_32_BIT_CONVERSION = YES;
				GCC_WARN_ABOUT_RETURN_TYPE = YES_ERROR;
				GCC_WARN_UNDECLARED_SELECTOR = YES;
				GCC_WARN_UNINITIALIZED_AUTOS = YES_AGGRESSIVE;
				GCC_WARN_UNUSED_FUNCTION = YES;
				GCC_WARN_UNUSED_VARIABLE = YES;
				IPHONEOS_DEPLOYMENT_TARGET = 17.5;
				LOCALIZATION_PREFERS_STRING_CATALOGS = YES;
				MTL_ENABLE_DEBUG_INFO = NO;
				MTL_FAST_MATH = YES;
				SDKROOT = iphoneos;
				SWIFT_COMPILATION_MODE = wholemodule;
				VALIDATE_PRODUCT = YES;
			};
			name = Release;
		};
		54CDE27B2C816CE700E664C7 /* Debug */ = {
			isa = XCBuildConfiguration;
			buildSettings = {
				ASSETCATALOG_COMPILER_APPICON_NAME = AppIcon;
				ASSETCATALOG_COMPILER_GLOBAL_ACCENT_COLOR_NAME = AccentColor;
				CODE_SIGN_STYLE = Automatic;
				CURRENT_PROJECT_VERSION = 1;
				DEVELOPMENT_ASSET_PATHS = "\"To-Do-List/Preview Content\"";
				DEVELOPMENT_TEAM = K2D9PLS9CB;
				ENABLE_PREVIEWS = YES;
				GENERATE_INFOPLIST_FILE = YES;
				INFOPLIST_KEY_CFBundleDisplayName = Taskly;
				INFOPLIST_KEY_UIApplicationSceneManifest_Generation = YES;
				INFOPLIST_KEY_UIApplicationSupportsIndirectInputEvents = YES;
				INFOPLIST_KEY_UILaunchScreen_Generation = YES;
				INFOPLIST_KEY_UILaunchStoryboardName = "Launch Screen.storyboard";
				INFOPLIST_KEY_UISupportedInterfaceOrientations = UIInterfaceOrientationPortrait;
				LD_RUNPATH_SEARCH_PATHS = (
					"$(inherited)",
					"@executable_path/Frameworks",
				);
				MARKETING_VERSION = 1.0;
				PRODUCT_BUNDLE_IDENTIFIER = "com.kevin.To-Do-List";
				PRODUCT_NAME = "$(TARGET_NAME)";
				SWIFT_EMIT_LOC_STRINGS = YES;
				SWIFT_VERSION = 5.0;
				TARGETED_DEVICE_FAMILY = "1,2";
			};
			name = Debug;
		};
		54CDE27C2C816CE700E664C7 /* Release */ = {
			isa = XCBuildConfiguration;
			buildSettings = {
				ASSETCATALOG_COMPILER_APPICON_NAME = AppIcon;
				ASSETCATALOG_COMPILER_GLOBAL_ACCENT_COLOR_NAME = AccentColor;
				CODE_SIGN_STYLE = Automatic;
				CURRENT_PROJECT_VERSION = 1;
				DEVELOPMENT_ASSET_PATHS = "\"To-Do-List/Preview Content\"";
				DEVELOPMENT_TEAM = K2D9PLS9CB;
				ENABLE_PREVIEWS = YES;
				GENERATE_INFOPLIST_FILE = YES;
				INFOPLIST_KEY_CFBundleDisplayName = Taskly;
				INFOPLIST_KEY_UIApplicationSceneManifest_Generation = YES;
				INFOPLIST_KEY_UIApplicationSupportsIndirectInputEvents = YES;
				INFOPLIST_KEY_UILaunchScreen_Generation = YES;
				INFOPLIST_KEY_UILaunchStoryboardName = "Launch Screen.storyboard";
				INFOPLIST_KEY_UISupportedInterfaceOrientations = UIInterfaceOrientationPortrait;
				LD_RUNPATH_SEARCH_PATHS = (
					"$(inherited)",
					"@executable_path/Frameworks",
				);
				MARKETING_VERSION = 1.0;
				PRODUCT_BUNDLE_IDENTIFIER = "com.kevin.To-Do-List";
				PRODUCT_NAME = "$(TARGET_NAME)";
				SWIFT_EMIT_LOC_STRINGS = YES;
				SWIFT_VERSION = 5.0;
				TARGETED_DEVICE_FAMILY = "1,2";
			};
			name = Release;
		};
		54CDE27E2C816CE700E664C7 /* Debug */ = {
			isa = XCBuildConfiguration;
			buildSettings = {
				ALWAYS_EMBED_SWIFT_STANDARD_LIBRARIES = YES;
				BUNDLE_LOADER = "$(TEST_HOST)";
				CODE_SIGN_STYLE = Automatic;
				CURRENT_PROJECT_VERSION = 1;
				DEVELOPMENT_TEAM = K2D9PLS9CB;
				GENERATE_INFOPLIST_FILE = YES;
				IPHONEOS_DEPLOYMENT_TARGET = 17.5;
				MARKETING_VERSION = 1.0;
				PRODUCT_BUNDLE_IDENTIFIER = "com.kevin.To-Do-ListTests";
				PRODUCT_NAME = "$(TARGET_NAME)";
				SWIFT_EMIT_LOC_STRINGS = NO;
				SWIFT_VERSION = 5.0;
				TARGETED_DEVICE_FAMILY = "1,2";
				TEST_HOST = "$(BUILT_PRODUCTS_DIR)/To-Do-List.app/$(BUNDLE_EXECUTABLE_FOLDER_PATH)/To-Do-List";
			};
			name = Debug;
		};
		54CDE27F2C816CE700E664C7 /* Release */ = {
			isa = XCBuildConfiguration;
			buildSettings = {
				ALWAYS_EMBED_SWIFT_STANDARD_LIBRARIES = YES;
				BUNDLE_LOADER = "$(TEST_HOST)";
				CODE_SIGN_STYLE = Automatic;
				CURRENT_PROJECT_VERSION = 1;
				DEVELOPMENT_TEAM = K2D9PLS9CB;
				GENERATE_INFOPLIST_FILE = YES;
				IPHONEOS_DEPLOYMENT_TARGET = 17.5;
				MARKETING_VERSION = 1.0;
				PRODUCT_BUNDLE_IDENTIFIER = "com.kevin.To-Do-ListTests";
				PRODUCT_NAME = "$(TARGET_NAME)";
				SWIFT_EMIT_LOC_STRINGS = NO;
				SWIFT_VERSION = 5.0;
				TARGETED_DEVICE_FAMILY = "1,2";
				TEST_HOST = "$(BUILT_PRODUCTS_DIR)/To-Do-List.app/$(BUNDLE_EXECUTABLE_FOLDER_PATH)/To-Do-List";
			};
			name = Release;
		};
		54CDE2812C816CE700E664C7 /* Debug */ = {
			isa = XCBuildConfiguration;
			buildSettings = {
				ALWAYS_EMBED_SWIFT_STANDARD_LIBRARIES = YES;
				CODE_SIGN_STYLE = Automatic;
				CURRENT_PROJECT_VERSION = 1;
				DEVELOPMENT_TEAM = K2D9PLS9CB;
				GENERATE_INFOPLIST_FILE = YES;
				MARKETING_VERSION = 1.0;
				PRODUCT_BUNDLE_IDENTIFIER = "com.kevin.To-Do-ListUITests";
				PRODUCT_NAME = "$(TARGET_NAME)";
				SWIFT_EMIT_LOC_STRINGS = NO;
				SWIFT_VERSION = 5.0;
				TARGETED_DEVICE_FAMILY = "1,2";
				TEST_TARGET_NAME = "To-Do-List";
			};
			name = Debug;
		};
		54CDE2822C816CE700E664C7 /* Release */ = {
			isa = XCBuildConfiguration;
			buildSettings = {
				ALWAYS_EMBED_SWIFT_STANDARD_LIBRARIES = YES;
				CODE_SIGN_STYLE = Automatic;
				CURRENT_PROJECT_VERSION = 1;
				DEVELOPMENT_TEAM = K2D9PLS9CB;
				GENERATE_INFOPLIST_FILE = YES;
				MARKETING_VERSION = 1.0;
				PRODUCT_BUNDLE_IDENTIFIER = "com.kevin.To-Do-ListUITests";
				PRODUCT_NAME = "$(TARGET_NAME)";
				SWIFT_EMIT_LOC_STRINGS = NO;
				SWIFT_VERSION = 5.0;
				TARGETED_DEVICE_FAMILY = "1,2";
				TEST_TARGET_NAME = "To-Do-List";
			};
			name = Release;
		};
/* End XCBuildConfiguration section */

/* Begin XCConfigurationList section */
		54CDE2512C816CE600E664C7 /* Build configuration list for PBXProject "To-Do-List" */ = {
			isa = XCConfigurationList;
			buildConfigurations = (
				54CDE2782C816CE700E664C7 /* Debug */,
				54CDE2792C816CE700E664C7 /* Release */,
			);
			defaultConfigurationIsVisible = 0;
			defaultConfigurationName = Release;
		};
		54CDE27A2C816CE700E664C7 /* Build configuration list for PBXNativeTarget "To-Do-List" */ = {
			isa = XCConfigurationList;
			buildConfigurations = (
				54CDE27B2C816CE700E664C7 /* Debug */,
				54CDE27C2C816CE700E664C7 /* Release */,
			);
			defaultConfigurationIsVisible = 0;
			defaultConfigurationName = Release;
		};
		54CDE27D2C816CE700E664C7 /* Build configuration list for PBXNativeTarget "To-Do-ListTests" */ = {
			isa = XCConfigurationList;
			buildConfigurations = (
				54CDE27E2C816CE700E664C7 /* Debug */,
				54CDE27F2C816CE700E664C7 /* Release */,
			);
			defaultConfigurationIsVisible = 0;
			defaultConfigurationName = Release;
		};
		54CDE2802C816CE700E664C7 /* Build configuration list for PBXNativeTarget "To-Do-ListUITests" */ = {
			isa = XCConfigurationList;
			buildConfigurations = (
				54CDE2812C816CE700E664C7 /* Debug */,
				54CDE2822C816CE700E664C7 /* Release */,
			);
			defaultConfigurationIsVisible = 0;
			defaultConfigurationName = Release;
		};
/* End XCConfigurationList section */

/* Begin XCRemoteSwiftPackageReference section */
		549C389A2C87FEB10048BDF3 /* XCRemoteSwiftPackageReference "firebase-ios-sdk" */ = {
			isa = XCRemoteSwiftPackageReference;
			repositoryURL = "https://github.com/firebase/firebase-ios-sdk";
			requirement = {
				kind = upToNextMajorVersion;
				minimumVersion = 11.1.0;
			};
		};
/* End XCRemoteSwiftPackageReference section */

/* Begin XCSwiftPackageProductDependency section */
		549C389B2C8800D50048BDF3 /* FirebaseAuth */ = {
			isa = XCSwiftPackageProductDependency;
			package = 549C389A2C87FEB10048BDF3 /* XCRemoteSwiftPackageReference "firebase-ios-sdk" */;
			productName = FirebaseAuth;
		};
		549C389D2C8800D50048BDF3 /* FirebaseFirestore */ = {
			isa = XCSwiftPackageProductDependency;
			package = 549C389A2C87FEB10048BDF3 /* XCRemoteSwiftPackageReference "firebase-ios-sdk" */;
			productName = FirebaseFirestore;
		};
/* End XCSwiftPackageProductDependency section */
	};
	rootObject = 54CDE24E2C816CE600E664C7 /* Project object */;
}
